
Microsoft Visual Studio Solution File, Format Version 12.00
# Visual Studio Version 17
VisualStudioVersion = 17.11.35327.3
MinimumVisualStudioVersion = 10.0.40219.1
Project("{FAE04EC0-301F-11D3-BF4B-00C04F79EFBC}") = "Banking.Domain", "BankingDomain\Banking.Domain.csproj", "{8C5AED99-8A63-426C-97E7-7B5147B123F3}"
EndProject
Project("{FAE04EC0-301F-11D3-BF4B-00C04F79EFBC}") = "Banking.Tests", "Banking.Tests\Banking.Tests.csproj", "{99CDA929-9C65-473C-B890-E66647D2DA60}"
EndProject
Global
	GlobalSection(SolutionConfigurationPlatforms) = preSolution
		Debug|Any CPU = Debug|Any CPU
		Release|Any CPU = Release|Any CPU
	EndGlobalSection
	GlobalSection(ProjectConfigurationPlatforms) = postSolution
		{8C5AED99-8A63-426C-97E7-7B5147B123F3}.Debug|Any CPU.ActiveCfg = Debug|Any CPU
		{8C5AED99-8A63-426C-97E7-7B5147B123F3}.Debug|Any CPU.Build.0 = Debug|Any CPU
		{8C5AED99-8A63-426C-97E7-7B5147B123F3}.Release|Any CPU.ActiveCfg = Release|Any CPU
		{8C5AED99-8A63-426C-97E7-7B5147B123F3}.Release|Any CPU.Build.0 = Release|Any CPU
		{99CDA929-9C65-473C-B890-E66647D2DA60}.Debug|Any CPU.ActiveCfg = Debug|Any CPU
		{99CDA929-9C65-473C-B890-E66647D2DA60}.Debug|Any CPU.Build.0 = Debug|Any CPU
		{99CDA929-9C65-473C-B890-E66647D2DA60}.Release|Any CPU.ActiveCfg = Release|Any CPU
		{99CDA929-9C65-473C-B890-E66647D2DA60}.Release|Any CPU.Build.0 = Release|Any CPU
	EndGlobalSection
	GlobalSection(SolutionProperties) = preSolution
		HideSolutionNode = FALSE
	EndGlobalSection
	GlobalSection(ExtensibilityGlobals) = postSolution
		SolutionGuid = {FAE905A1-5619-42FC-96DE-204F4F38A34F}
	EndGlobalSection
EndGlobal
